{
  "name": "backend-sync",
  "version": "0.1.0",
  "lockfileVersion": 3,
  "requires": true,
  "packages": {
    "": {
      "name": "backend-sync",
      "version": "0.1.0",
      "dependencies": {
        "@supabase/supabase-js": "^2.117.0",
        "xlsx": "https://cdn.sheetjs.com/xlsx-0.20.3/xlsx-0.20.3.tgz"
      }
    },
    "node_modules/@supabase/auth-js": {
      "version": "2.117.0",
      "resolved": "https://registry.npmjs.org/@supabase/auth-js/-/auth-js-2.117.0.tgz",
      "integrity": "sha512-mmKfXHkZ+93fJ57yxMnJ+h+psiHIEBLzqZNgNu7yE7/kNxAKXkKxz/BZO/Ht0NJiMztFICvA+7xOLbIrK723qQ==",
      "license": "MIT",
      "dependencies": {
        "tslib": "2.8.1"
      },
      "engines": {
        "node": ">=22.0.0"
      }
    },
    "node_modules/@supabase/functions-js": {
      "version": "2.117.0",
      "resolved": "https://registry.npmjs.org/@supabase/functions-js/-/functions-js-2.117.0.tgz",
      "integrity": "sha512-RC3kdN0DZS8gyLsTDhWCc6xg5FKAyMNz/xt5KD7PSC+PB/7/NhFPo6YrMZu+3xsQMFdOWuVaBlHYdPwdmhqx/w==",
      "license": "MIT",
      "dependencies": {
        "tslib": "2.8.1"
      },
      "engines": {
        "node": ">=22.0.0"
      }
    },
    "node_modules/@supabase/phoenix": {
      "version": "0.4.5",
      "resolved": "https://registry.npmjs.org/@supabase/phoenix/-/phoenix-0.4.5.tgz",
      "integrity": "sha512-aAn9H9ovVyeApKy11OWOrrOGq8DV68yWeH4ud2lN9fzn4aO8Zb5GLL9m1pUg9nLqIcT+ZDfAcsZe0E/nqdv2lw==",
      "license": "MIT"
    },
    "node_modules/@supabase/postgrest-js": {
      "version": "2.117.0",
      "resolved": "https://registry.npmjs.org/@supabase/postgrest-js/-/postgrest-js-2.117.0.tgz",
      "integrity": "sha512-KG2+dYIkTzOjR8f0Xza3uXzKB6bHQOIjMTJhHuNNSUK0C6zdtd4A8LBjxpPB9R5I95xuN1CCdlIEJTkZ5g8LBA==",
      "license": "MIT",
      "dependencies": {
        "tslib": "2.8.1"
      },
      "engines": {
        "node": ">=22.0.0"
      }
    },
    "node_modules/@supabase/realtime-js": {
      "version": "2.117.0",
      "resolved": "https://registry.npmjs.org/@supabase/realtime-js/-/realtime-js-2.117.0.tgz",
      "integrity": "sha512-E+hovHDWTpoOQHCMWdOwahvJmD7M/Vgj8cQTwLMPlEFvTO7wV8zBhrM9iUnKReurpGpl9u6MGbbjBeQJTEE1Kg==",
      "license": "MIT",
      "dependencies": {
        "@supabase/phoenix": "0.4.5",
        "tslib": "2.8.1"
      },
      "engines": {
        "node": ">=22.0.0"
      }
    },
    "node_modules/@supabase/storage-js": {
      "version": "2.117.0",
      "resolved": "https://registry.npmjs.org/@supabase/storage-js/-/storage-js-2.117.0.tgz",
      "integrity": "sha512-jFn8MTRKhUls5yzfYogPqItNH0jwzlLvdhAO2nBKRMzQuvI9BgNM2BabcGSxcDAcyEACGEjeIBXjxRfIb8OI5Q==",
      "license": "MIT",
      "dependencies": {
        "iceberg-js": "^0.8.1",
        "tslib": "2.8.1"
      },
      "engines": {
        "node": ">=22.0.0"
      }
    },
    "node_modules/@supabase/supabase-js": {
      "version": "2.117.0",
      "resolved": "https://registry.npmjs.org/@supabase/supabase-js/-/supabase-js-2.117.0.tgz",
      "integrity": "sha512-c9ASbrLEqFBTWIxF4aXuK4hVgdIH+kA6BsT6xjDkXuFYQkGBWL4OqirstgzhS30gr0Vlfbur6F8jlUfWkCy2dw==",
      "license": "MIT",
      "dependencies": {
        "@supabase/auth-js": "2.117.0",
        "@supabase/functions-js": "2.117.0",
        "@supabase/postgrest-js": "2.117.0",
        "@supabase/realtime-js": "2.117.0",
        "@supabase/storage-js": "2.117.0"
      },
      "engines": {
        "node": ">=22.0.0"
      },
      "peerDependencies": {
        "@opentelemetry/api": ">=1.0.0"
      },
      "peerDependenciesMeta": {
        "@opentelemetry/api": {
          "optional": true
        }
      }
    },
    "node_modules/iceberg-js": {
      "version": "0.8.1",
      "resolved": "https://registry.npmjs.org/iceberg-js/-/iceberg-js-0.8.1.tgz",
      "integrity": "sha512-1dhVQZXhcHje7798IVM+xoo/1ZdVfzOMIc8/rgVSijRK38EDqOJoGula9N/8ZI5RD8QTxNQtK/Gozpr+qUqRRA==",
      "license": "MIT",
      "engines": {
        "node": ">=20.0.0"
      }
    },
    "node_modules/tslib": {
      "version": "2.8.1",
      "resolved": "https://registry.npmjs.org/tslib/-/tslib-2.8.1.tgz",
      "integrity": "sha512-oJFu94HQb+KVduSUQL7wnpmqnfmLsOA/nAh6b6EH0wCEoK0/mPeXU6c3wKDV83MkOuHPRHtSXKKU99IBazS/2w==",
      "license": "0BSD"
    },
    "node_modules/xlsx": {
      "version": "0.20.3",
      "resolved": "https://cdn.sheetjs.com/xlsx-0.20.3/xlsx-0.20.3.tgz",
      "integrity": "sha512-oLDq3jw7AcLqKWH2AhCpVTZl8mf6X2YReP+Neh0SJUzV/BdZYjth94tG5toiMB1PPrYtxOCfaoUCkvtuH+3AJA==",
      "license": "Apache-2.0",
      "bin": {
        "xlsx": "bin/xlsx.njs"
      },
      "engines": {
        "node": ">=0.8"
      }
    }
  }
}
